// !$*UTF8*$!
{
	archiveVersion = 1;
	classes = {
	};
	objectVersion = 50;
	objects = {

/* Begin PBXBuildFile section */
		72A7EDE422CA886800637B34 /* AppDelegate.swift in Sources */ = {isa = PBXBuildFile; fileRef = 72A7EDE322CA886800637B34 /* AppDelegate.swift */; };
		72A7EDE622CA886800637B34 /* SceneDelegate.swift in Sources */ = {isa = PBXBuildFile; fileRef = 72A7EDE522CA886800637B34 /* SceneDelegate.swift */; };
		72A7EDE822CA886800637B34 /* ViewController.swift in Sources */ = {isa = PBXBuildFile; fileRef = 72A7EDE722CA886800637B34 /* ViewController.swift */; };
		72A7EDEB22CA886800637B34 /* Main.storyboard in Resources */ = {isa = PBXBuildFile; fileRef = 72A7EDE922CA886800637B34 /* Main.storyboard */; };
		72A7EDED22CA886A00637B34 /* Assets.xcassets in Resources */ = {isa = PBXBuildFile; fileRef = 72A7EDEC22CA886A00637B34 /* Assets.xcassets */; };
		72A7EDF022CA886A00637B34 /* LaunchScreen.storyboard in Resources */ = {isa = PBXBuildFile; fileRef = 72A7EDEE22CA886A00637B34 /* LaunchScreen.storyboard */; };
		72A7EDFB22CA886A00637B34 /* Test_AppTests.swift in Sources */ = {isa = PBXBuildFile; fileRef = 72A7EDFA22CA886A00637B34 /* Test_AppTests.swift */; };
		72A7EE0622CA886B00637B34 /* Test_AppUITests.swift in Sources */ = {isa = PBXBuildFile; fileRef = 72A7EE0522CA886B00637B34 /* Test_AppUITests.swift */; };
		CEF723295E3AD4730030E335 /* Pods_Test_App.framework in Frameworks */ = {isa = PBXBuildFile; fileRef = 50F16713266BB75769EA0704 /* Pods_Test_App.framework */; };
/* End PBXBuildFile section */

/* Begin PBXContainerItemProxy section */
		72A7EDF722CA886A00637B34 /* PBXContainerItemProxy */ = {
			isa = PBXContainerItemProxy;
			containerPortal = 72A7EDD822CA886800637B34 /* Project object */;
			proxyType = 1;
			remoteGlobalIDString = 72A7EDDF22CA886800637B34;
			remoteInfo = "Test App";
		};
		72A7EE0222CA886B00637B34 /* PBXContainerItemProxy */ = {
			isa = PBXContainerItemProxy;
			containerPortal = 72A7EDD822CA886800637B34 /* Project object */;
			proxyType = 1;
			remoteGlobalIDString = 72A7EDDF22CA886800637B34;
			remoteInfo = "Test App";
		};
/* End PBXContainerItemProxy section */

/* Begin PBXFileReference section */
		3AEFCE543EA3B6FB4F94CDF1 /* Pods-Test App.release.xcconfig */ = {isa = PBXFileReference; includeInIndex = 1; lastKnownFileType = text.xcconfig; name = "Pods-Test App.release.xcconfig"; path = "Target Support Files/Pods-Test App/Pods-Test App.release.xcconfig"; sourceTree = "<group>"; };
		50F16713266BB75769EA0704 /* Pods_Test_App.framework */ = {isa = PBXFileReference; explicitFileType = wrapper.framework; includeInIndex = 0; path = Pods_Test_App.framework; sourceTree = BUILT_PRODUCTS_DIR; };
		72A7EDE022CA886800637B34 /* Test App.app */ = {isa = PBXFileReference; explicitFileType = wrapper.application; includeInIndex = 0; path = "Test App.app"; sourceTree = BUILT_PRODUCTS_DIR; };
		72A7EDE322CA886800637B34 /* AppDelegate.swift */ = {isa = PBXFileReference; lastKnownFileType = sourcecode.swift; path = AppDelegate.swift; sourceTree = "<group>"; };
		72A7EDE522CA886800637B34 /* SceneDelegate.swift */ = {isa = PBXFileReference; lastKnownFileType = sourcecode.swift; path = SceneDelegate.swift; sourceTree = "<group>"; };
		72A7EDE722CA886800637B34 /* ViewController.swift */ = {isa = PBXFileReference; lastKnownFileType = sourcecode.swift; path = ViewController.swift; sourceTree = "<group>"; };
		72A7EDEA22CA886800637B34 /* Base */ = {isa = PBXFileReference; lastKnownFileType = file.storyboard; name = Base; path = Base.lproj/Main.storyboard; sourceTree = "<group>"; };
		72A7EDEC22CA886A00637B34 /* Assets.xcassets */ = {isa = PBXFileReference; lastKnownFileType = folder.assetcatalog; path = Assets.xcassets; sourceTree = "<group>"; };
		72A7EDEF22CA886A00637B34 /* Base */ = {isa = PBXFileReference; lastKnownFileType = file.storyboard; name = Base; path = Base.lproj/LaunchScreen.storyboard; sourceTree = "<group>"; };
		72A7EDF122CA886A00637B34 /* Info.plist */ = {isa = PBXFileReference; lastKnownFileType = text.plist.xml; path = Info.plist; sourceTree = "<group>"; };
		72A7EDF622CA886A00637B34 /* Test AppTests.xctest */ = {isa = PBXFileReference; explicitFileType = wrapper.cfbundle; includeInIndex = 0; path = "Test AppTests.xctest"; sourceTree = BUILT_PRODUCTS_DIR; };
		72A7EDFA22CA886A00637B34 /* Test_AppTests.swift */ = {isa = PBXFileReference; lastKnownFileType = sourcecode.swift; path = Test_AppTests.swift; sourceTree = "<group>"; };
		72A7EDFC22CA886B00637B34 /* Info.plist */ = {isa = PBXFileReference; lastKnownFileType = text.plist.xml; path = Info.plist; sourceTree = "<group>"; };
		72A7EE0122CA886B00637B34 /* Test AppUITests.xctest */ = {isa = PBXFileReference; explicitFileType = wrapper.cfbundle; includeInIndex = 0; path = "Test AppUITests.xctest"; sourceTree = BUILT_PRODUCTS_DIR; };
		72A7EE0522CA886B00637B34 /* Test_AppUITests.swift */ = {isa = PBXFileReference; lastKnownFileType = sourcecode.swift; path = Test_AppUITests.swift; sourceTree = "<group>"; };
		72A7EE0722CA886B00637B34 /* Info.plist */ = {isa = PBXFileReference; lastKnownFileType = text.plist.xml; path = Info.plist; sourceTree = "<group>"; };
		943004696C65DEFC92885B80 /* Pods-Test App.debug.xcconfig */ = {isa = PBXFileReference; includeInIndex = 1; lastKnownFileType = text.xcconfig; name = "Pods-Test App.debug.xcconfig"; path = "Target Support Files/Pods-Test App/Pods-Test App.debug.xcconfig"; sourceTree = "<group>"; };
/* End PBXFileReference section */

/* Begin PBXFrameworksBuildPhase section */
		72A7EDDD22CA886800637B34 /* Frameworks */ = {
			isa = PBXFrameworksBuildPhase;
			buildActionMask = 2147483647;
			files = (
				CEF723295E3AD4730030E335 /* Pods_Test_App.framework in Frameworks */,
			);
			runOnlyForDeploymentPostprocessing = 0;
		};
		72A7EDF322CA886A00637B34 /* Frameworks */ = {
			isa = PBXFrameworksBuildPhase;
			buildActionMask = 2147483647;
			files = (
			);
			runOnlyForDeploymentPostprocessing = 0;
		};
		72A7EDFE22CA886B00637B34 /* Frameworks */ = {
			isa = PBXFrameworksBuildPhase;
			buildActionMask = 2147483647;
			files = (
			);
			runOnlyForDeploymentPostprocessing = 0;
		};
/* End PBXFrameworksBuildPhase section */

/* Begin PBXGroup section */
		72A7EDD722CA886800637B34 = {
			isa = PBXGroup;
			children = (
				72A7EDE222CA886800637B34 /* Test App */,
				72A7EDF922CA886A00637B34 /* Test AppTests */,
				72A7EE0422CA886B00637B34 /* Test AppUITests */,
				72A7EDE122CA886800637B34 /* Products */,
				7EE5725FA15E9A43465942D8 /* Pods */,
				786D5B9D90FAD69564854A87 /* Frameworks */,
			);
			sourceTree = "<group>";
		};
		72A7EDE122CA886800637B34 /* Products */ = {
			isa = PBXGroup;
			children = (
				72A7EDE022CA886800637B34 /* Test App.app */,
				72A7EDF622CA886A00637B34 /* Test AppTests.xctest */,
				72A7EE0122CA886B00637B34 /* Test AppUITests.xctest */,
			);
			name = Products;
			sourceTree = "<group>";
		};
		72A7EDE222CA886800637B34 /* Test App */ = {
			isa = PBXGroup;
			children = (
				72A7EDE322CA886800637B34 /* AppDelegate.swift */,
				72A7EDE522CA886800637B34 /* SceneDelegate.swift */,
				72A7EDE722CA886800637B34 /* ViewController.swift */,
				72A7EDE922CA886800637B34 /* Main.storyboard */,
				72A7EDEC22CA886A00637B34 /* Assets.xcassets */,
				72A7EDEE22CA886A00637B34 /* LaunchScreen.storyboard */,
				72A7EDF122CA886A00637B34 /* Info.plist */,
			);
			path = "Test App";
			sourceTree = "<group>";
		};
		72A7EDF922CA886A00637B34 /* Test AppTests */ = {
			isa = PBXGroup;
			children = (
				72A7EDFA22CA886A00637B34 /* Test_AppTests.swift */,
				72A7EDFC22CA886B00637B34 /* Info.plist */,
			);
			path = "Test AppTests";
			sourceTree = "<group>";
		};
		72A7EE0422CA886B00637B34 /* Test AppUITests */ = {
			isa = PBXGroup;
			children = (
				72A7EE0522CA886B00637B34 /* Test_AppUITests.swift */,
				72A7EE0722CA886B00637B34 /* Info.plist */,
			);
			path = "Test AppUITests";
			sourceTree = "<group>";
		};
		786D5B9D90FAD69564854A87 /* Frameworks */ = {
			isa = PBXGroup;
			children = (
				50F16713266BB75769EA0704 /* Pods_Test_App.framework */,
			);
			name = Frameworks;
			sourceTree = "<group>";
		};
		7EE5725FA15E9A43465942D8 /* Pods */ = {
			isa = PBXGroup;
			children = (
				943004696C65DEFC92885B80 /* Pods-Test App.debug.xcconfig */,
				3AEFCE543EA3B6FB4F94CDF1 /* Pods-Test App.release.xcconfig */,
			);
			name = Pods;
			path = Pods;
			sourceTree = "<group>";
		};
/* End PBXGroup section */

/* Begin PBXNativeTarget section */
		72A7EDDF22CA886800637B34 /* Test App */ = {
			isa = PBXNativeTarget;
			buildConfigurationList = 72A7EE0A22CA886B00637B34 /* Build configuration list for PBXNativeTarget "Test App" */;
			buildPhases = (
				65B832E69E7A24415EF5E13E /* [CP] Check Pods Manifest.lock */,
				72A7EDDC22CA886800637B34 /* Sources */,
				72A7EDDD22CA886800637B34 /* Frameworks */,
				72A7EDDE22CA886800637B34 /* Resources */,
				47A508B64EB9F00CD15BBCB5 /* [CP] Embed Pods Frameworks */,
			);
			buildRules = (
			);
			dependencies = (
			);
			name = "Test App";
			productName = "Test App";
			productReference = 72A7EDE022CA886800637B34 /* Test App.app */;
			productType = "com.apple.product-type.application";
		};
		72A7EDF522CA886A00637B34 /* Test AppTests */ = {
			isa = PBXNativeTarget;
			buildConfigurationList = 72A7EE0D22CA886B00637B34 /* Build configuration list for PBXNativeTarget "Test AppTests" */;
			buildPhases = (
				72A7EDF222CA886A00637B34 /* Sources */,
				72A7EDF322CA886A00637B34 /* Frameworks */,
				72A7EDF422CA886A00637B34 /* Resources */,
			);
			buildRules = (
			);
			dependencies = (
				72A7EDF822CA886A00637B34 /* PBXTargetDependency */,
			);
			name = "Test AppTests";
			productName = "Test AppTests";
			productReference = 72A7EDF622CA886A00637B34 /* Test AppTests.xctest */;
			productType = "com.apple.product-type.bundle.unit-test";
		};
		72A7EE0022CA886B00637B34 /* Test AppUITests */ = {
			isa = PBXNativeTarget;
			buildConfigurationList = 72A7EE1022CA886B00637B34 /* Build configuration list for PBXNativeTarget "Test AppUITests" */;
			buildPhases = (
				72A7EDFD22CA886B00637B34 /* Sources */,
				72A7EDFE22CA886B00637B34 /* Frameworks */,
				72A7EDFF22CA886B00637B34 /* Resources */,
			);
			buildRules = (
			);
			dependencies = (
				72A7EE0322CA886B00637B34 /* PBXTargetDependency */,
			);
			name = "Test AppUITests";
			productName = "Test AppUITests";
			productReference = 72A7EE0122CA886B00637B34 /* Test AppUITests.xctest */;
			productType = "com.apple.product-type.bundle.ui-testing";
		};
/* End PBXNativeTarget section */

/* Begin PBXProject section */
		72A7EDD822CA886800637B34 /* Project object */ = {
			isa = PBXProject;
			attributes = {
				LastSwiftUpdateCheck = 1100;
				LastUpgradeCheck = 1100;
				ORGANIZATIONNAME = "Kevin Marx";
				TargetAttributes = {
					72A7EDDF22CA886800637B34 = {
						CreatedOnToolsVersion = 11.0;
					};
					72A7EDF522CA886A00637B34 = {
						CreatedOnToolsVersion = 11.0;
						TestTargetID = 72A7EDDF22CA886800637B34;
					};
					72A7EE0022CA886B00637B34 = {
						CreatedOnToolsVersion = 11.0;
						TestTargetID = 72A7EDDF22CA886800637B34;
					};
				};
			};
			buildConfigurationList = 72A7EDDB22CA886800637B34 /* Build configuration list for PBXProject "Test App" */;
			compatibilityVersion = "Xcode 9.3";
			developmentRegion = en;
			hasScannedForEncodings = 0;
			knownRegions = (
				en,
				Base,
			);
			mainGroup = 72A7EDD722CA886800637B34;
			productRefGroup = 72A7EDE122CA886800637B34 /* Products */;
			projectDirPath = "";
			projectRoot = "";
			targets = (
				72A7EDDF22CA886800637B34 /* Test App */,
				72A7EDF522CA886A00637B34 /* Test AppTests */,
				72A7EE0022CA886B00637B34 /* Test AppUITests */,
			);
		};
/* End PBXProject section */

/* Begin PBXResourcesBuildPhase section */
		72A7EDDE22CA886800637B34 /* Resources */ = {
			isa = PBXResourcesBuildPhase;
			buildActionMask = 2147483647;
			files = (
				72A7EDF022CA886A00637B34 /* LaunchScreen.storyboard in Resources */,
				72A7EDED22CA886A00637B34 /* Assets.xcassets in Resources */,
				72A7EDEB22CA886800637B34 /* Main.storyboard in Resources */,
			);
			runOnlyForDeploymentPostprocessing = 0;
		};
		72A7EDF422CA886A00637B34 /* Resources */ = {
			isa = PBXResourcesBuildPhase;
			buildActionMask = 2147483647;
			files = (
			);
			runOnlyForDeploymentPostprocessing = 0;
		};
		72A7EDFF22CA886B00637B34 /* Resources */ = {
			isa = PBXResourcesBuildPhase;
			buildActionMask = 2147483647;
			files = (
			);
			runOnlyForDeploymentPostprocessing = 0;
		};
/* End PBXResourcesBuildPhase section */

/* Begin PBXShellScriptBuildPhase section */
		47A508B64EB9F00CD15BBCB5 /* [CP] Embed Pods Frameworks */ = {
			isa = PBXShellScriptBuildPhase;
			buildActionMask = 2147483647;
			files = (
			);
			inputFileListPaths = (
				"${PODS_ROOT}/Target Support Files/Pods-Test App/Pods-Test App-frameworks-${CONFIGURATION}-input-files.xcfilelist",
			);
			name = "[CP] Embed Pods Frameworks";
			outputFileListPaths = (
				"${PODS_ROOT}/Target Support Files/Pods-Test App/Pods-Test App-frameworks-${CONFIGURATION}-output-files.xcfilelist",
			);
			runOnlyForDeploymentPostprocessing = 0;
			shellPath = /bin/sh;
			shellScript = "\"${PODS_ROOT}/Target Support Files/Pods-Test App/Pods-Test App-frameworks.sh\"\n";
			showEnvVarsInLog = 0;
		};
		65B832E69E7A24415EF5E13E /* [CP] Check Pods Manifest.lock */ = {
			isa = PBXShellScriptBuildPhase;
			buildActionMask = 2147483647;
			files = (
			);
			inputFileListPaths = (
			);
			inputPaths = (
				"${PODS_PODFILE_DIR_PATH}/Podfile.lock",
				"${PODS_ROOT}/Manifest.lock",
			);
			name = "[CP] Check Pods Manifest.lock";
			outputFileListPaths = (
			);
			outputPaths = (
				"$(DERIVED_FILE_DIR)/Pods-Test App-checkManifestLockResult.txt",
			);
			runOnlyForDeploymentPostprocessing = 0;
			shellPath = /bin/sh;
			shellScript = "diff \"${PODS_PODFILE_DIR_PATH}/Podfile.lock\" \"${PODS_ROOT}/Manifest.lock\" > /dev/null\nif [ $? != 0 ] ; then\n    # print error to STDERR\n    echo \"error: The sandbox is not in sync with the Podfile.lock. Run 'pod install' or update your CocoaPods installation.\" >&2\n    exit 1\nfi\n# This output is used by Xcode 'outputs' to avoid re-running this script phase.\necho \"SUCCESS\" > \"${SCRIPT_OUTPUT_FILE_0}\"\n";
			showEnvVarsInLog = 0;
		};
/* End PBXShellScriptBuildPhase section */

/* Begin PBXSourcesBuildPhase section */
		72A7EDDC22CA886800637B34 /* Sources */ = {
			isa = PBXSourcesBuildPhase;
			buildActionMask = 2147483647;
			files = (
				72A7EDE822CA886800637B34 /* ViewController.swift in Sources */,
				72A7EDE422CA886800637B34 /* AppDelegate.swift in Sources */,
				72A7EDE622CA886800637B34 /* SceneDelegate.swift in Sources */,
			);
			runOnlyForDeploymentPostprocessing = 0;
		};
		72A7EDF222CA886A00637B34 /* Sources */ = {
			isa = PBXSourcesBuildPhase;
			buildActionMask = 2147483647;
			files = (
				72A7EDFB22CA886A00637B34 /* Test_AppTests.swift in Sources */,
			);
			runOnlyForDeploymentPostprocessing = 0;
		};
		72A7EDFD22CA886B00637B34 /* Sources */ = {
			isa = PBXSourcesBuildPhase;
			buildActionMask = 2147483647;
			files = (
				72A7EE0622CA886B00637B34 /* Test_AppUITests.swift in Sources */,
			);
			runOnlyForDeploymentPostprocessing = 0;
		};
/* End PBXSourcesBuildPhase section */

/* Begin PBXTargetDependency section */
		72A7EDF822CA886A00637B34 /* PBXTargetDependency */ = {
			isa = PBXTargetDependency;
			target = 72A7EDDF22CA886800637B34 /* Test App */;
			targetProxy = 72A7EDF722CA886A00637B34 /* PBXContainerItemProxy */;
		};
		72A7EE0322CA886B00637B34 /* PBXTargetDependency */ = {
			isa = PBXTargetDependency;
			target = 72A7EDDF22CA886800637B34 /* Test App */;
			targetProxy = 72A7EE0222CA886B00637B34 /* PBXContainerItemProxy */;
		};
/* End PBXTargetDependency section */

/* Begin PBXVariantGroup section */
		72A7EDE922CA886800637B34 /* Main.storyboard */ = {
			isa = PBXVariantGroup;
			children = (
				72A7EDEA22CA886800637B34 /* Base */,
			);
			name = Main.storyboard;
			sourceTree = "<group>";
		};
		72A7EDEE22CA886A00637B34 /* LaunchScreen.storyboard */ = {
			isa = PBXVariantGroup;
			children = (
				72A7EDEF22CA886A00637B34 /* Base */,
			);
			name = LaunchScreen.storyboard;
			sourceTree = "<group>";
		};
/* End PBXVariantGroup section */

/* Begin XCBuildConfiguration section */
		72A7EE0822CA886B00637B34 /* Debug */ = {
			isa = XCBuildConfiguration;
			buildSettings = {
				ALWAYS_SEARCH_USER_PATHS = NO;
				CLANG_ANALYZER_NONNULL = YES;
				CLANG_ANALYZER_NUMBER_OBJECT_CONVERSION = YES_AGGRESSIVE;
				CLANG_CXX_LANGUAGE_STANDARD = "gnu++14";
				CLANG_CXX_LIBRARY = "libc++";
				CLANG_ENABLE_MODULES = YES;
				CLANG_ENABLE_OBJC_ARC = YES;
				CLANG_ENABLE_OBJC_WEAK = YES;
				CLANG_WARN_BLOCK_CAPTURE_AUTORELEASING = YES;
				CLANG_WARN_BOOL_CONVERSION = YES;
				CLANG_WARN_COMMA = YES;
				CLANG_WARN_CONSTANT_CONVERSION = YES;
				CLANG_WARN_DEPRECATED_OBJC_IMPLEMENTATIONS = YES;
				CLANG_WARN_DIRECT_OBJC_ISA_USAGE = YES_ERROR;
				CLANG_WARN_DOCUMENTATION_COMMENTS = YES;
				CLANG_WARN_EMPTY_BODY = YES;
				CLANG_WARN_ENUM_CONVERSION = YES;
				CLANG_WARN_INFINITE_RECURSION = YES;
				CLANG_WARN_INT_CONVERSION = YES;
				CLANG_WARN_NON_LITERAL_NULL_CONVERSION = YES;
				CLANG_WARN_OBJC_IMPLICIT_RETAIN_SELF = YES;
				CLANG_WARN_OBJC_LITERAL_CONVERSION = YES;
				CLANG_WARN_OBJC_ROOT_CLASS = YES_ERROR;
				CLANG_WARN_RANGE_LOOP_ANALYSIS = YES;
				CLANG_WARN_STRICT_PROTOTYPES = YES;
				CLANG_WARN_SUSPICIOUS_MOVE = YES;
				CLANG_WARN_UNGUARDED_AVAILABILITY = YES_AGGRESSIVE;
				CLANG_WARN_UNREACHABLE_CODE = YES;
				CLANG_WARN__DUPLICATE_METHOD_MATCH = YES;
				COPY_PHASE_STRIP = NO;
				DEBUG_INFORMATION_FORMAT = dwarf;
				ENABLE_STRICT_OBJC_MSGSEND = YES;
				ENABLE_TESTABILITY = YES;
				GCC_C_LANGUAGE_STANDARD = gnu11;
				GCC_DYNAMIC_NO_PIC = NO;
				GCC_NO_COMMON_BLOCKS = YES;
				GCC_OPTIMIZATION_LEVEL = 0;
				GCC_PREPROCESSOR_DEFINITIONS = (
					"DEBUG=1",
					"$(inherited)",
				);
				GCC_WARN_64_TO_32_BIT_CONVERSION = YES;
				GCC_WARN_ABOUT_RETURN_TYPE = YES_ERROR;
				GCC_WARN_UNDECLARED_SELECTOR = YES;
				GCC_WARN_UNINITIALIZED_AUTOS = YES_AGGRESSIVE;
				GCC_WARN_UNUSED_FUNCTION = YES;
				GCC_WARN_UNUSED_VARIABLE = YES;
				IPHONEOS_DEPLOYMENT_TARGET = 13.0;
				MTL_ENABLE_DEBUG_INFO = INCLUDE_SOURCE;
				MTL_FAST_MATH = YES;
				ONLY_ACTIVE_ARCH = YES;
				SDKROOT = iphoneos;
				SWIFT_ACTIVE_COMPILATION_CONDITIONS = DEBUG;
				SWIFT_OPTIMIZATION_LEVEL = "-Onone";
			};
			name = Debug;
		};
		72A7EE0922CA886B00637B34 /* Release */ = {
			isa = XCBuildConfiguration;
			buildSettings = {
				ALWAYS_SEARCH_USER_PATHS = NO;
				CLANG_ANALYZER_NONNULL = YES;
				CLANG_ANALYZER_NUMBER_OBJECT_CONVERSION = YES_AGGRESSIVE;
				CLANG_CXX_LANGUAGE_STANDARD = "gnu++14";
				CLANG_CXX_LIBRARY = "libc++";
				CLANG_ENABLE_MODULES = YES;
				CLANG_ENABLE_OBJC_ARC = YES;
				CLANG_ENABLE_OBJC_WEAK = YES;
				CLANG_WARN_BLOCK_CAPTURE_AUTORELEASING = YES;
				CLANG_WARN_BOOL_CONVERSION = YES;
				CLANG_WARN_COMMA = YES;
				CLANG_WARN_CONSTANT_CONVERSION = YES;
				CLANG_WARN_DEPRECATED_OBJC_IMPLEMENTATIONS = YES;
				CLANG_WARN_DIRECT_OBJC_ISA_USAGE = YES_ERROR;
				CLANG_WARN_DOCUMENTATION_COMMENTS = YES;
				CLANG_WARN_EMPTY_BODY = YES;
				CLANG_WARN_ENUM_CONVERSION = YES;
				CLANG_WARN_INFINITE_RECURSION = YES;
				CLANG_WARN_INT_CONVERSION = YES;
				CLANG_WARN_NON_LITERAL_NULL_CONVERSION = YES;
				CLANG_WARN_OBJC_IMPLICIT_RETAIN_SELF = YES;
				CLANG_WARN_OBJC_LITERAL_CONVERSION = YES;
				CLANG_WARN_OBJC_ROOT_CLASS = YES_ERROR;
				CLANG_WARN_RANGE_LOOP_ANALYSIS = YES;
				CLANG_WARN_STRICT_PROTOTYPES = YES;
				CLANG_WARN_SUSPICIOUS_MOVE = YES;
				CLANG_WARN_UNGUARDED_AVAILABILITY = YES_AGGRESSIVE;
				CLANG_WARN_UNREACHABLE_CODE = YES;
				CLANG_WARN__DUPLICATE_METHOD_MATCH = YES;
				COPY_PHASE_STRIP = NO;
				DEBUG_INFORMATION_FORMAT = "dwarf-with-dsym";
				ENABLE_NS_ASSERTIONS = NO;
				ENABLE_STRICT_OBJC_MSGSEND = YES;
				GCC_C_LANGUAGE_STANDARD = gnu11;
				GCC_NO_COMMON_BLOCKS = YES;
				GCC_WARN_64_TO_32_BIT_CONVERSION = YES;
				GCC_WARN_ABOUT_RETURN_TYPE = YES_ERROR;
				GCC_WARN_UNDECLARED_SELECTOR = YES;
				GCC_WARN_UNINITIALIZED_AUTOS = YES_AGGRESSIVE;
				GCC_WARN_UNUSED_FUNCTION = YES;
				GCC_WARN_UNUSED_VARIABLE = YES;
				IPHONEOS_DEPLOYMENT_TARGET = 13.0;
				MTL_ENABLE_DEBUG_INFO = NO;
				MTL_FAST_MATH = YES;
				SDKROOT = iphoneos;
				SWIFT_COMPILATION_MODE = wholemodule;
				SWIFT_OPTIMIZATION_LEVEL = "-O";
				VALIDATE_PRODUCT = YES;
			};
			name = Release;
		};
		72A7EE0B22CA886B00637B34 /* Debug */ = {
			isa = XCBuildConfiguration;
			baseConfigurationReference = 943004696C65DEFC92885B80 /* Pods-Test App.debug.xcconfig */;
			buildSettings = {
				ASSETCATALOG_COMPILER_APPICON_NAME = AppIcon;
				CODE_SIGN_STYLE = Automatic;
				DEVELOPMENT_TEAM = BVK9Q42425;
				INFOPLIST_FILE = "Test App/Info.plist";
				LD_RUNPATH_SEARCH_PATHS = (
					"$(inherited)",
					"@executable_path/Frameworks",
				);
				PRODUCT_BUNDLE_IDENTIFIER = "com.kmarx.testapp.Test-App";
				PRODUCT_NAME = "$(TARGET_NAME)";
				SWIFT_VERSION = 5.0;
				TARGETED_DEVICE_FAMILY = "1,2";
			};
			name = Debug;
		};
		72A7EE0C22CA886B00637B34 /* Release */ = {
			isa = XCBuildConfiguration;
			baseConfigurationReference = 3AEFCE543EA3B6FB4F94CDF1 /* Pods-Test App.release.xcconfig */;
			buildSettings = {
				ASSETCATALOG_COMPILER_APPICON_NAME = AppIcon;
				CODE_SIGN_STYLE = Automatic;
				DEVELOPMENT_TEAM = BVK9Q42425;
				INFOPLIST_FILE = "Test App/Info.plist";
				LD_RUNPATH_SEARCH_PATHS = (
					"$(inherited)",
					"@executable_path/Frameworks",
				);
				PRODUCT_BUNDLE_IDENTIFIER = "com.kmarx.testapp.Test-App";
				PRODUCT_NAME = "$(TARGET_NAME)";
				SWIFT_VERSION = 5.0;
				TARGETED_DEVICE_FAMILY = "1,2";
			};
			name = Release;
		};
		72A7EE0E22CA886B00637B34 /* Debug */ = {
			isa = XCBuildConfiguration;
			buildSettings = {
				ALWAYS_EMBED_SWIFT_STANDARD_LIBRARIES = YES;
				BUNDLE_LOADER = "$(TEST_HOST)";
				CODE_SIGN_STYLE = Automatic;
				DEVELOPMENT_TEAM = BVK9Q42425;
				INFOPLIST_FILE = "Test AppTests/Info.plist";
				LD_RUNPATH_SEARCH_PATHS = (
					"$(inherited)",
					"@executable_path/Frameworks",
					"@loader_path/Frameworks",
				);
				PRODUCT_BUNDLE_IDENTIFIER = "com.kmarx.testapp.Test-AppTests";
				PRODUCT_NAME = "$(TARGET_NAME)";
				SWIFT_VERSION = 5.0;
				TARGETED_DEVICE_FAMILY = "1,2";
				TEST_HOST = "$(BUILT_PRODUCTS_DIR)/Test App.app/Test App";
			};
			name = Debug;
		};
		72A7EE0F22CA886B00637B34 /* Release */ = {
			isa = XCBuildConfiguration;
			buildSettings = {
				ALWAYS_EMBED_SWIFT_STANDARD_LIBRARIES = YES;
				BUNDLE_LOADER = "$(TEST_HOST)";
				CODE_SIGN_STYLE = Automatic;
				DEVELOPMENT_TEAM = BVK9Q42425;
				INFOPLIST_FILE = "Test AppTests/Info.plist";
				LD_RUNPATH_SEARCH_PATHS = (
					"$(inherited)",
					"@executable_path/Frameworks",
					"@loader_path/Frameworks",
				);
				PRODUCT_BUNDLE_IDENTIFIER = "com.kmarx.testapp.Test-AppTests";
				PRODUCT_NAME = "$(TARGET_NAME)";
				SWIFT_VERSION = 5.0;
				TARGETED_DEVICE_FAMILY = "1,2";
				TEST_HOST = "$(BUILT_PRODUCTS_DIR)/Test App.app/Test App";
			};
			name = Release;
		};
		72A7EE1122CA886B00637B34 /* Debug */ = {
			isa = XCBuildConfiguration;
			buildSettings = {
				ALWAYS_EMBED_SWIFT_STANDARD_LIBRARIES = YES;
				CODE_SIGN_STYLE = Automatic;
				DEVELOPMENT_TEAM = BVK9Q42425;
				INFOPLIST_FILE = "Test AppUITests/Info.plist";
				LD_RUNPATH_SEARCH_PATHS = (
					"$(inherited)",
					"@executable_path/Frameworks",
					"@loader_path/Frameworks",
				);
				PRODUCT_BUNDLE_IDENTIFIER = "com.kmarx.testapp.Test-AppUITests";
				PRODUCT_NAME = "$(TARGET_NAME)";
				SWIFT_VERSION = 5.0;
				TARGETED_DEVICE_FAMILY = "1,2";
				TEST_TARGET_NAME = "Test App";
			};
			name = Debug;
		};
		72A7EE1222CA886B00637B34 /* Release */ = {
			isa = XCBuildConfiguration;
			buildSettings = {
				ALWAYS_EMBED_SWIFT_STANDARD_LIBRARIES = YES;
				CODE_SIGN_STYLE = Automatic;
				DEVELOPMENT_TEAM = BVK9Q42425;
				INFOPLIST_FILE = "Test AppUITests/Info.plist";
				LD_RUNPATH_SEARCH_PATHS = (
					"$(inherited)",
					"@executable_path/Frameworks",
					"@loader_path/Frameworks",
				);
				PRODUCT_BUNDLE_IDENTIFIER = "com.kmarx.testapp.Test-AppUITests";
				PRODUCT_NAME = "$(TARGET_NAME)";
				SWIFT_VERSION = 5.0;
				TARGETED_DEVICE_FAMILY = "1,2";
				TEST_TARGET_NAME = "Test App";
			};
			name = Release;
		};
/* End XCBuildConfiguration section */

/* Begin XCConfigurationList section */
		72A7EDDB22CA886800637B34 /* Build configuration list for PBXProject "Test App" */ = {
			isa = XCConfigurationList;
			buildConfigurations = (
				72A7EE0822CA886B00637B34 /* Debug */,
				72A7EE0922CA886B00637B34 /* Release */,
			);
			defaultConfigurationIsVisible = 0;
			defaultConfigurationName = Release;
		};
		72A7EE0A22CA886B00637B34 /* Build configuration list for PBXNativeTarget "Test App" */ = {
			isa = XCConfigurationList;
			buildConfigurations = (
				72A7EE0B22CA886B00637B34 /* Debug */,
				72A7EE0C22CA886B00637B34 /* Release */,
			);
			defaultConfigurationIsVisible = 0;
			defaultConfigurationName = Release;
		};
		72A7EE0D22CA886B00637B34 /* Build configuration list for PBXNativeTarget "Test AppTests" */ = {
			isa = XCConfigurationList;
			buildConfigurations = (
				72A7EE0E22CA886B00637B34 /* Debug */,
				72A7EE0F22CA886B00637B34 /* Release */,
			);
			defaultConfigurationIsVisible = 0;
			defaultConfigurationName = Release;
		};
		72A7EE1022CA886B00637B34 /* Build configuration list for PBXNativeTarget "Test AppUITests" */ = {
			isa = XCConfigurationList;
			buildConfigurations = (
				72A7EE1122CA886B00637B34 /* Debug */,
				72A7EE1222CA886B00637B34 /* Release */,
			);
			defaultConfigurationIsVisible = 0;
			defaultConfigurationName = Release;
		};
/* End XCConfigurationList section */
	};
	rootObject = 72A7EDD822CA886800637B34 /* Project object */;
}
